// !$*UTF8*$!
{
	archiveVersion = 1;
	classes = {
	};
	objectVersion = 56;
	objects = {

/* Begin PBXBuildFile section */
		844649352C57B535006407A0 /* HeaderView.xib in Resources */ = {isa = PBXBuildFile; fileRef = 844649342C57B535006407A0 /* HeaderView.xib */; };
		844649372C57B60C006407A0 /* HeaderView.swift in Sources */ = {isa = PBXBuildFile; fileRef = 844649362C57B60B006407A0 /* HeaderView.swift */; };
		844649392C57BE3D006407A0 /* GoogleService-Info.plist in Resources */ = {isa = PBXBuildFile; fileRef = 844649382C57BE3D006407A0 /* GoogleService-Info.plist */; };
		8446493C2C57BFDD006407A0 /* FirebaseAnalytics in Frameworks */ = {isa = PBXBuildFile; productRef = 8446493B2C57BFDD006407A0 /* FirebaseAnalytics */; };
		8446493E2C57BFDD006407A0 /* FirebaseDatabase in Frameworks */ = {isa = PBXBuildFile; productRef = 8446493D2C57BFDD006407A0 /* FirebaseDatabase */; };
		844649402C57BFDD006407A0 /* FirebaseFirestore in Frameworks */ = {isa = PBXBuildFile; productRef = 8446493F2C57BFDD006407A0 /* FirebaseFirestore */; };
		844649422C57BFDD006407A0 /* FirebaseStorage in Frameworks */ = {isa = PBXBuildFile; productRef = 844649412C57BFDD006407A0 /* FirebaseStorage */; };
		844649442C57CAF8006407A0 /* FeedViewController.swift in Sources */ = {isa = PBXBuildFile; fileRef = 844649432C57CAF8006407A0 /* FeedViewController.swift */; };
		844649462C57CB01006407A0 /* APIManager.swift in Sources */ = {isa = PBXBuildFile; fileRef = 844649452C57CB01006407A0 /* APIManager.swift */; };
		84B5A1832C57A4E9005006ED /* AppDelegate.swift in Sources */ = {isa = PBXBuildFile; fileRef = 84B5A1822C57A4E9005006ED /* AppDelegate.swift */; };
		84B5A1852C57A4E9005006ED /* SceneDelegate.swift in Sources */ = {isa = PBXBuildFile; fileRef = 84B5A1842C57A4E9005006ED /* SceneDelegate.swift */; };
		84B5A1872C57A4E9005006ED /* ViewController.swift in Sources */ = {isa = PBXBuildFile; fileRef = 84B5A1862C57A4E9005006ED /* ViewController.swift */; };
		84B5A18A2C57A4E9005006ED /* Base in Resources */ = {isa = PBXBuildFile; fileRef = 84B5A1892C57A4E9005006ED /* Base */; };
		84B5A18C2C57A4EC005006ED /* Assets.xcassets in Resources */ = {isa = PBXBuildFile; fileRef = 84B5A18B2C57A4EC005006ED /* Assets.xcassets */; };
		84B5A18F2C57A4EC005006ED /* Base in Resources */ = {isa = PBXBuildFile; fileRef = 84B5A18E2C57A4EC005006ED /* Base */; };
		84B5A19B2C57A58F005006ED /* TabBar.storyboard in Resources */ = {isa = PBXBuildFile; fileRef = 84B5A19A2C57A58F005006ED /* TabBar.storyboard */; };
		84B5A19D2C57A5D5005006ED /* TabBarController.swift in Sources */ = {isa = PBXBuildFile; fileRef = 84B5A19C2C57A5D5005006ED /* TabBarController.swift */; };
		84B5A1A52C57B11E005006ED /* ProfileController.swift in Sources */ = {isa = PBXBuildFile; fileRef = 84B5A1A42C57B11E005006ED /* ProfileController.swift */; };
		84B5A1A72C57B130005006ED /* ProfileCell.swift in Sources */ = {isa = PBXBuildFile; fileRef = 84B5A1A62C57B130005006ED /* ProfileCell.swift */; };
/* End PBXBuildFile section */

/* Begin PBXFileReference section */
		844649342C57B535006407A0 /* HeaderView.xib */ = {isa = PBXFileReference; lastKnownFileType = file.xib; path = HeaderView.xib; sourceTree = "<group>"; };
		844649362C57B60B006407A0 /* HeaderView.swift */ = {isa = PBXFileReference; lastKnownFileType = sourcecode.swift; path = HeaderView.swift; sourceTree = "<group>"; };
		844649382C57BE3D006407A0 /* GoogleService-Info.plist */ = {isa = PBXFileReference; fileEncoding = 4; lastKnownFileType = text.plist.xml; path = "GoogleService-Info.plist"; sourceTree = "<group>"; };
		844649432C57CAF8006407A0 /* FeedViewController.swift */ = {isa = PBXFileReference; lastKnownFileType = sourcecode.swift; path = FeedViewController.swift; sourceTree = "<group>"; };
		844649452C57CB01006407A0 /* APIManager.swift */ = {isa = PBXFileReference; lastKnownFileType = sourcecode.swift; path = APIManager.swift; sourceTree = "<group>"; };
		84B5A17F2C57A4E9005006ED /* vk-app.app */ = {isa = PBXFileReference; explicitFileType = wrapper.application; includeInIndex = 0; path = "vk-app.app"; sourceTree = BUILT_PRODUCTS_DIR; };
		84B5A1822C57A4E9005006ED /* AppDelegate.swift */ = {isa = PBXFileReference; lastKnownFileType = sourcecode.swift; path = AppDelegate.swift; sourceTree = "<group>"; };
		84B5A1842C57A4E9005006ED /* SceneDelegate.swift */ = {isa = PBXFileReference; lastKnownFileType = sourcecode.swift; path = SceneDelegate.swift; sourceTree = "<group>"; };
		84B5A1862C57A4E9005006ED /* ViewController.swift */ = {isa = PBXFileReference; lastKnownFileType = sourcecode.swift; path = ViewController.swift; sourceTree = "<group>"; };
		84B5A1892C57A4E9005006ED /* Base */ = {isa = PBXFileReference; lastKnownFileType = file.storyboard; name = Base; path = Base.lproj/Main.storyboard; sourceTree = "<group>"; };
		84B5A18B2C57A4EC005006ED /* Assets.xcassets */ = {isa = PBXFileReference; lastKnownFileType = folder.assetcatalog; path = Assets.xcassets; sourceTree = "<group>"; };
		84B5A18E2C57A4EC005006ED /* Base */ = {isa = PBXFileReference; lastKnownFileType = file.storyboard; name = Base; path = Base.lproj/LaunchScreen.storyboard; sourceTree = "<group>"; };
		84B5A1902C57A4EC005006ED /* Info.plist */ = {isa = PBXFileReference; lastKnownFileType = text.plist.xml; path = Info.plist; sourceTree = "<group>"; };
		84B5A19A2C57A58F005006ED /* TabBar.storyboard */ = {isa = PBXFileReference; lastKnownFileType = file.storyboard; path = TabBar.storyboard; sourceTree = "<group>"; };
		84B5A19C2C57A5D5005006ED /* TabBarController.swift */ = {isa = PBXFileReference; lastKnownFileType = sourcecode.swift; path = TabBarController.swift; sourceTree = "<group>"; };
		84B5A1A42C57B11E005006ED /* ProfileController.swift */ = {isa = PBXFileReference; lastKnownFileType = sourcecode.swift; path = ProfileController.swift; sourceTree = "<group>"; };
		84B5A1A62C57B130005006ED /* ProfileCell.swift */ = {isa = PBXFileReference; lastKnownFileType = sourcecode.swift; path = ProfileCell.swift; sourceTree = "<group>"; };
/* End PBXFileReference section */

/* Begin PBXFrameworksBuildPhase section */
		84B5A17C2C57A4E9005006ED /* Frameworks */ = {
			isa = PBXFrameworksBuildPhase;
			buildActionMask = 2147483647;
			files = (
				8446493E2C57BFDD006407A0 /* FirebaseDatabase in Frameworks */,
				844649422C57BFDD006407A0 /* FirebaseStorage in Frameworks */,
				8446493C2C57BFDD006407A0 /* FirebaseAnalytics in Frameworks */,
				844649402C57BFDD006407A0 /* FirebaseFirestore in Frameworks */,
			);
			runOnlyForDeploymentPostprocessing = 0;
		};
/* End PBXFrameworksBuildPhase section */

/* Begin PBXGroup section */
		844649332C57B522006407A0 /* Header */ = {
			isa = PBXGroup;
			children = (
				844649342C57B535006407A0 /* HeaderView.xib */,
				844649362C57B60B006407A0 /* HeaderView.swift */,
			);
			path = Header;
			sourceTree = "<group>";
		};
		84B5A1762C57A4E9005006ED = {
			isa = PBXGroup;
			children = (
				84B5A1812C57A4E9005006ED /* vk-app */,
				84B5A18B2C57A4EC005006ED /* Assets.xcassets */,
				84B5A18D2C57A4EC005006ED /* LaunchScreen.storyboard */,
				84B5A1902C57A4EC005006ED /* Info.plist */,
				844649382C57BE3D006407A0 /* GoogleService-Info.plist */,
				84B5A1802C57A4E9005006ED /* Products */,
			);
			sourceTree = "<group>";
		};
		84B5A1802C57A4E9005006ED /* Products */ = {
			isa = PBXGroup;
			children = (
				84B5A17F2C57A4E9005006ED /* vk-app.app */,
			);
			name = Products;
			sourceTree = "<group>";
		};
		84B5A1812C57A4E9005006ED /* vk-app */ = {
			isa = PBXGroup;
			children = (
				84B5A1962C57A515005006ED /* App */,
				84B5A1972C57A520005006ED /* Main */,
				84B5A1982C57A52B005006ED /* TabBar */,
			);
			path = "vk-app";
			sourceTree = "<group>";
		};
		84B5A1962C57A515005006ED /* App */ = {
			isa = PBXGroup;
			children = (
				84B5A1822C57A4E9005006ED /* AppDelegate.swift */,
				84B5A1842C57A4E9005006ED /* SceneDelegate.swift */,
			);
			path = App;
			sourceTree = "<group>";
		};
		84B5A1972C57A520005006ED /* Main */ = {
			isa = PBXGroup;
			children = (
				84B5A1862C57A4E9005006ED /* ViewController.swift */,
				84B5A1882C57A4E9005006ED /* Main.storyboard */,
			);
			path = Main;
			sourceTree = "<group>";
		};
		84B5A1982C57A52B005006ED /* TabBar */ = {
			isa = PBXGroup;
			children = (
				84B5A19F2C57B0AE005006ED /* Feed */,
				84B5A1A02C57B0B5005006ED /* Search */,
				84B5A1A12C57B0BB005006ED /* Chat */,
				84B5A1A22C57B0C0005006ED /* Notification */,
				84B5A1A32C57B0C5005006ED /* Profile */,
				84B5A19A2C57A58F005006ED /* TabBar.storyboard */,
				84B5A19C2C57A5D5005006ED /* TabBarController.swift */,
			);
			path = TabBar;
			sourceTree = "<group>";
		};
		84B5A19F2C57B0AE005006ED /* Feed */ = {
			isa = PBXGroup;
			children = (
				844649432C57CAF8006407A0 /* FeedViewController.swift */,
				844649452C57CB01006407A0 /* APIManager.swift */,
			);
			path = Feed;
			sourceTree = "<group>";
		};
		84B5A1A02C57B0B5005006ED /* Search */ = {
			isa = PBXGroup;
			children = (
			);
			path = Search;
			sourceTree = "<group>";
		};
		84B5A1A12C57B0BB005006ED /* Chat */ = {
			isa = PBXGroup;
			children = (
			);
			path = Chat;
			sourceTree = "<group>";
		};
		84B5A1A22C57B0C0005006ED /* Notification */ = {
			isa = PBXGroup;
			children = (
			);
			path = Notification;
			sourceTree = "<group>";
		};
		84B5A1A32C57B0C5005006ED /* Profile */ = {
			isa = PBXGroup;
			children = (
				844649332C57B522006407A0 /* Header */,
				84B5A1A42C57B11E005006ED /* ProfileController.swift */,
				84B5A1A62C57B130005006ED /* ProfileCell.swift */,
			);
			path = Profile;
			sourceTree = "<group>";
		};
/* End PBXGroup section */

/* Begin PBXNativeTarget section */
		84B5A17E2C57A4E9005006ED /* vk-app */ = {
			isa = PBXNativeTarget;
			buildConfigurationList = 84B5A1932C57A4EC005006ED /* Build configuration list for PBXNativeTarget "vk-app" */;
			buildPhases = (
				84B5A17B2C57A4E9005006ED /* Sources */,
				84B5A17C2C57A4E9005006ED /* Frameworks */,
				84B5A17D2C57A4E9005006ED /* Resources */,
			);
			buildRules = (
			);
			dependencies = (
			);
			name = "vk-app";
			packageProductDependencies = (
				8446493B2C57BFDD006407A0 /* FirebaseAnalytics */,
				8446493D2C57BFDD006407A0 /* FirebaseDatabase */,
				8446493F2C57BFDD006407A0 /* FirebaseFirestore */,
				844649412C57BFDD006407A0 /* FirebaseStorage */,
			);
			productName = "vk-app";
			productReference = 84B5A17F2C57A4E9005006ED /* vk-app.app */;
			productType = "com.apple.product-type.application";
		};
/* End PBXNativeTarget section */

/* Begin PBXProject section */
		84B5A1772C57A4E9005006ED /* Project object */ = {
			isa = PBXProject;
			attributes = {
				BuildIndependentTargetsInParallel = 1;
				LastSwiftUpdateCheck = 1530;
				LastUpgradeCheck = 1530;
				TargetAttributes = {
					84B5A17E2C57A4E9005006ED = {
						CreatedOnToolsVersion = 15.3;
					};
				};
			};
			buildConfigurationList = 84B5A17A2C57A4E9005006ED /* Build configuration list for PBXProject "vk-app" */;
			compatibilityVersion = "Xcode 14.0";
			developmentRegion = en;
			hasScannedForEncodings = 0;
			knownRegions = (
				en,
				Base,
			);
			mainGroup = 84B5A1762C57A4E9005006ED;
			packageReferences = (
				8446493A2C57BFDD006407A0 /* XCRemoteSwiftPackageReference "firebase-ios-sdk" */,
			);
			productRefGroup = 84B5A1802C57A4E9005006ED /* Products */;
			projectDirPath = "";
			projectRoot = "";
			targets = (
				84B5A17E2C57A4E9005006ED /* vk-app */,
			);
		};
/* End PBXProject section */

/* Begin PBXResourcesBuildPhase section */
		84B5A17D2C57A4E9005006ED /* Resources */ = {
			isa = PBXResourcesBuildPhase;
			buildActionMask = 2147483647;
			files = (
				84B5A19B2C57A58F005006ED /* TabBar.storyboard in Resources */,
				844649352C57B535006407A0 /* HeaderView.xib in Resources */,
				84B5A18C2C57A4EC005006ED /* Assets.xcassets in Resources */,
				84B5A18F2C57A4EC005006ED /* Base in Resources */,
				84B5A18A2C57A4E9005006ED /* Base in Resources */,
				844649392C57BE3D006407A0 /* GoogleService-Info.plist in Resources */,
			);
			runOnlyForDeploymentPostprocessing = 0;
		};
/* End PBXResourcesBuildPhase section */

/* Begin PBXSourcesBuildPhase section */
		84B5A17B2C57A4E9005006ED /* Sources */ = {
			isa = PBXSourcesBuildPhase;
			buildActionMask = 2147483647;
			files = (
				84B5A1A52C57B11E005006ED /* ProfileController.swift in Sources */,
				84B5A1872C57A4E9005006ED /* ViewController.swift in Sources */,
				84B5A19D2C57A5D5005006ED /* TabBarController.swift in Sources */,
				844649462C57CB01006407A0 /* APIManager.swift in Sources */,
				84B5A1A72C57B130005006ED /* ProfileCell.swift in Sources */,
				84B5A1832C57A4E9005006ED /* AppDelegate.swift in Sources */,
				84B5A1852C57A4E9005006ED /* SceneDelegate.swift in Sources */,
				844649442C57CAF8006407A0 /* FeedViewController.swift in Sources */,
				844649372C57B60C006407A0 /* HeaderView.swift in Sources */,
			);
			runOnlyForDeploymentPostprocessing = 0;
		};
/* End PBXSourcesBuildPhase section */

/* Begin PBXVariantGroup section */
		84B5A1882C57A4E9005006ED /* Main.storyboard */ = {
			isa = PBXVariantGroup;
			children = (
				84B5A1892C57A4E9005006ED /* Base */,
			);
			name = Main.storyboard;
			sourceTree = "<group>";
		};
		84B5A18D2C57A4EC005006ED /* LaunchScreen.storyboard */ = {
			isa = PBXVariantGroup;
			children = (
				84B5A18E2C57A4EC005006ED /* Base */,
			);
			name = LaunchScreen.storyboard;
			sourceTree = "<group>";
		};
/* End PBXVariantGroup section */

/* Begin XCBuildConfiguration section */
		84B5A1912C57A4EC005006ED /* Debug */ = {
			isa = XCBuildConfiguration;
			buildSettings = {
				ALWAYS_SEARCH_USER_PATHS = NO;
				ASSETCATALOG_COMPILER_GENERATE_SWIFT_ASSET_SYMBOL_EXTENSIONS = YES;
				CLANG_ANALYZER_NONNULL = YES;
				CLANG_ANALYZER_NUMBER_OBJECT_CONVERSION = YES_AGGRESSIVE;
				CLANG_CXX_LANGUAGE_STANDARD = "gnu++20";
				CLANG_ENABLE_MODULES = YES;
				CLANG_ENABLE_OBJC_ARC = YES;
				CLANG_ENABLE_OBJC_WEAK = YES;
				CLANG_WARN_BLOCK_CAPTURE_AUTORELEASING = YES;
				CLANG_WARN_BOOL_CONVERSION = YES;
				CLANG_WARN_COMMA = YES;
				CLANG_WARN_CONSTANT_CONVERSION = YES;
				CLANG_WARN_DEPRECATED_OBJC_IMPLEMENTATIONS = YES;
				CLANG_WARN_DIRECT_OBJC_ISA_USAGE = YES_ERROR;
				CLANG_WARN_DOCUMENTATION_COMMENTS = YES;
				CLANG_WARN_EMPTY_BODY = YES;
				CLANG_WARN_ENUM_CONVERSION = YES;
				CLANG_WARN_INFINITE_RECURSION = YES;
				CLANG_WARN_INT_CONVERSION = YES;
				CLANG_WARN_NON_LITERAL_NULL_CONVERSION = YES;
				CLANG_WARN_OBJC_IMPLICIT_RETAIN_SELF = YES;
				CLANG_WARN_OBJC_LITERAL_CONVERSION = YES;
				CLANG_WARN_OBJC_ROOT_CLASS = YES_ERROR;
				CLANG_WARN_QUOTED_INCLUDE_IN_FRAMEWORK_HEADER = YES;
				CLANG_WARN_RANGE_LOOP_ANALYSIS = YES;
				CLANG_WARN_STRICT_PROTOTYPES = YES;
				CLANG_WARN_SUSPICIOUS_MOVE = YES;
				CLANG_WARN_UNGUARDED_AVAILABILITY = YES_AGGRESSIVE;
				CLANG_WARN_UNREACHABLE_CODE = YES;
				CLANG_WARN__DUPLICATE_METHOD_MATCH = YES;
				COPY_PHASE_STRIP = NO;
				DEBUG_INFORMATION_FORMAT = dwarf;
				ENABLE_STRICT_OBJC_MSGSEND = YES;
				ENABLE_TESTABILITY = YES;
				ENABLE_USER_SCRIPT_SANDBOXING = YES;
				GCC_C_LANGUAGE_STANDARD = gnu17;
				GCC_DYNAMIC_NO_PIC = NO;
				GCC_NO_COMMON_BLOCKS = YES;
				GCC_OPTIMIZATION_LEVEL = 0;
				GCC_PREPROCESSOR_DEFINITIONS = (
					"DEBUG=1",
					"$(inherited)",
				);
				GCC_WARN_64_TO_32_BIT_CONVERSION = YES;
				GCC_WARN_ABOUT_RETURN_TYPE = YES_ERROR;
				GCC_WARN_UNDECLARED_SELECTOR = YES;
				GCC_WARN_UNINITIALIZED_AUTOS = YES_AGGRESSIVE;
				GCC_WARN_UNUSED_FUNCTION = YES;
				GCC_WARN_UNUSED_VARIABLE = YES;
				IPHONEOS_DEPLOYMENT_TARGET = 17.4;
				LOCALIZATION_PREFERS_STRING_CATALOGS = YES;
				MTL_ENABLE_DEBUG_INFO = INCLUDE_SOURCE;
				MTL_FAST_MATH = YES;
				ONLY_ACTIVE_ARCH = YES;
				SDKROOT = iphoneos;
				SWIFT_ACTIVE_COMPILATION_CONDITIONS = "DEBUG $(inherited)";
				SWIFT_OPTIMIZATION_LEVEL = "-Onone";
			};
			name = Debug;
		};
		84B5A1922C57A4EC005006ED /* Release */ = {
			isa = XCBuildConfiguration;
			buildSettings = {
				ALWAYS_SEARCH_USER_PATHS = NO;
				ASSETCATALOG_COMPILER_GENERATE_SWIFT_ASSET_SYMBOL_EXTENSIONS = YES;
				CLANG_ANALYZER_NONNULL = YES;
				CLANG_ANALYZER_NUMBER_OBJECT_CONVERSION = YES_AGGRESSIVE;
				CLANG_CXX_LANGUAGE_STANDARD = "gnu++20";
				CLANG_ENABLE_MODULES = YES;
				CLANG_ENABLE_OBJC_ARC = YES;
				CLANG_ENABLE_OBJC_WEAK = YES;
				CLANG_WARN_BLOCK_CAPTURE_AUTORELEASING = YES;
				CLANG_WARN_BOOL_CONVERSION = YES;
				CLANG_WARN_COMMA = YES;
				CLANG_WARN_CONSTANT_CONVERSION = YES;
				CLANG_WARN_DEPRECATED_OBJC_IMPLEMENTATIONS = YES;
				CLANG_WARN_DIRECT_OBJC_ISA_USAGE = YES_ERROR;
				CLANG_WARN_DOCUMENTATION_COMMENTS = YES;
				CLANG_WARN_EMPTY_BODY = YES;
				CLANG_WARN_ENUM_CONVERSION = YES;
				CLANG_WARN_INFINITE_RECURSION = YES;
				CLANG_WARN_INT_CONVERSION = YES;
				CLANG_WARN_NON_LITERAL_NULL_CONVERSION = YES;
				CLANG_WARN_OBJC_IMPLICIT_RETAIN_SELF = YES;
				CLANG_WARN_OBJC_LITERAL_CONVERSION = YES;
				CLANG_WARN_OBJC_ROOT_CLASS = YES_ERROR;
				CLANG_WARN_QUOTED_INCLUDE_IN_FRAMEWORK_HEADER = YES;
				CLANG_WARN_RANGE_LOOP_ANALYSIS = YES;
				CLANG_WARN_STRICT_PROTOTYPES = YES;
				CLANG_WARN_SUSPICIOUS_MOVE = YES;
				CLANG_WARN_UNGUARDED_AVAILABILITY = YES_AGGRESSIVE;
				CLANG_WARN_UNREACHABLE_CODE = YES;
				CLANG_WARN__DUPLICATE_METHOD_MATCH = YES;
				COPY_PHASE_STRIP = NO;
				DEBUG_INFORMATION_FORMAT = "dwarf-with-dsym";
				ENABLE_NS_ASSERTIONS = NO;
				ENABLE_STRICT_OBJC_MSGSEND = YES;
				ENABLE_USER_SCRIPT_SANDBOXING = YES;
				GCC_C_LANGUAGE_STANDARD = gnu17;
				GCC_NO_COMMON_BLOCKS = YES;
				GCC_WARN_64_TO_32_BIT_CONVERSION = YES;
				GCC_WARN_ABOUT_RETURN_TYPE = YES_ERROR;
				GCC_WARN_UNDECLARED_SELECTOR = YES;
				GCC_WARN_UNINITIALIZED_AUTOS = YES_AGGRESSIVE;
				GCC_WARN_UNUSED_FUNCTION = YES;
				GCC_WARN_UNUSED_VARIABLE = YES;
				IPHONEOS_DEPLOYMENT_TARGET = 17.4;
				LOCALIZATION_PREFERS_STRING_CATALOGS = YES;
				MTL_ENABLE_DEBUG_INFO = NO;
				MTL_FAST_MATH = YES;
				SDKROOT = iphoneos;
				SWIFT_COMPILATION_MODE = wholemodule;
				VALIDATE_PRODUCT = YES;
			};
			name = Release;
		};
		84B5A1942C57A4EC005006ED /* Debug */ = {
			isa = XCBuildConfiguration;
			buildSettings = {
				ASSETCATALOG_COMPILER_APPICON_NAME = AppIcon;
				ASSETCATALOG_COMPILER_GLOBAL_ACCENT_COLOR_NAME = AccentColor;
				CODE_SIGN_STYLE = Automatic;
				CURRENT_PROJECT_VERSION = 1;
				GENERATE_INFOPLIST_FILE = YES;
				INFOPLIST_FILE = "vk-app/Info.plist";
				INFOPLIST_KEY_UIApplicationSupportsIndirectInputEvents = YES;
				INFOPLIST_KEY_UILaunchStoryboardName = LaunchScreen;
				INFOPLIST_KEY_UIMainStoryboardFile = Main;
				INFOPLIST_KEY_UISupportedInterfaceOrientations_iPad = "UIInterfaceOrientationPortrait UIInterfaceOrientationPortraitUpsideDown UIInterfaceOrientationLandscapeLeft UIInterfaceOrientationLandscapeRight";
				INFOPLIST_KEY_UISupportedInterfaceOrientations_iPhone = "UIInterfaceOrientationPortrait UIInterfaceOrientationLandscapeLeft UIInterfaceOrientationLandscapeRight";
				LD_RUNPATH_SEARCH_PATHS = (
					"$(inherited)",
					"@executable_path/Frameworks",
				);
				MARKETING_VERSION = 1.0;
				PRODUCT_BUNDLE_IDENTIFIER = "sv.vk-app";
				PRODUCT_NAME = "$(TARGET_NAME)";
				SWIFT_EMIT_LOC_STRINGS = YES;
				SWIFT_VERSION = 5.0;
				TARGETED_DEVICE_FAMILY = "1,2";
			};
			name = Debug;
		};
		84B5A1952C57A4EC005006ED /* Release */ = {
			isa = XCBuildConfiguration;
			buildSettings = {
				ASSETCATALOG_COMPILER_APPICON_NAME = AppIcon;
				ASSETCATALOG_COMPILER_GLOBAL_ACCENT_COLOR_NAME = AccentColor;
				CODE_SIGN_STYLE = Automatic;
				CURRENT_PROJECT_VERSION = 1;
				GENERATE_INFOPLIST_FILE = YES;
				INFOPLIST_FILE = "vk-app/Info.plist";
				INFOPLIST_KEY_UIApplicationSupportsIndirectInputEvents = YES;
				INFOPLIST_KEY_UILaunchStoryboardName = LaunchScreen;
				INFOPLIST_KEY_UIMainStoryboardFile = Main;
				INFOPLIST_KEY_UISupportedInterfaceOrientations_iPad = "UIInterfaceOrientationPortrait UIInterfaceOrientationPortraitUpsideDown UIInterfaceOrientationLandscapeLeft UIInterfaceOrientationLandscapeRight";
				INFOPLIST_KEY_UISupportedInterfaceOrientations_iPhone = "UIInterfaceOrientationPortrait UIInterfaceOrientationLandscapeLeft UIInterfaceOrientationLandscapeRight";
				LD_RUNPATH_SEARCH_PATHS = (
					"$(inherited)",
					"@executable_path/Frameworks",
				);
				MARKETING_VERSION = 1.0;
				PRODUCT_BUNDLE_IDENTIFIER = "sv.vk-app";
				PRODUCT_NAME = "$(TARGET_NAME)";
				SWIFT_EMIT_LOC_STRINGS = YES;
				SWIFT_VERSION = 5.0;
				TARGETED_DEVICE_FAMILY = "1,2";
			};
			name = Release;
		};
/* End XCBuildConfiguration section */

/* Begin XCConfigurationList section */
		84B5A17A2C57A4E9005006ED /* Build configuration list for PBXProject "vk-app" */ = {
			isa = XCConfigurationList;
			buildConfigurations = (
				84B5A1912C57A4EC005006ED /* Debug */,
				84B5A1922C57A4EC005006ED /* Release */,
			);
			defaultConfigurationIsVisible = 0;
			defaultConfigurationName = Release;
		};
		84B5A1932C57A4EC005006ED /* Build configuration list for PBXNativeTarget "vk-app" */ = {
			isa = XCConfigurationList;
			buildConfigurations = (
				84B5A1942C57A4EC005006ED /* Debug */,
				84B5A1952C57A4EC005006ED /* Release */,
			);
			defaultConfigurationIsVisible = 0;
			defaultConfigurationName = Release;
		};
/* End XCConfigurationList section */

/* Begin XCRemoteSwiftPackageReference section */
		8446493A2C57BFDD006407A0 /* XCRemoteSwiftPackageReference "firebase-ios-sdk" */ = {
			isa = XCRemoteSwiftPackageReference;
			repositoryURL = "https://github.com/firebase/firebase-ios-sdk";
			requirement = {
				kind = upToNextMajorVersion;
				minimumVersion = 10.29.0;
			};
		};
/* End XCRemoteSwiftPackageReference section */

/* Begin XCSwiftPackageProductDependency section */
		8446493B2C57BFDD006407A0 /* FirebaseAnalytics */ = {
			isa = XCSwiftPackageProductDependency;
			package = 8446493A2C57BFDD006407A0 /* XCRemoteSwiftPackageReference "firebase-ios-sdk" */;
			productName = FirebaseAnalytics;
		};
		8446493D2C57BFDD006407A0 /* FirebaseDatabase */ = {
			isa = XCSwiftPackageProductDependency;
			package = 8446493A2C57BFDD006407A0 /* XCRemoteSwiftPackageReference "firebase-ios-sdk" */;
			productName = FirebaseDatabase;
		};
		8446493F2C57BFDD006407A0 /* FirebaseFirestore */ = {
			isa = XCSwiftPackageProductDependency;
			package = 8446493A2C57BFDD006407A0 /* XCRemoteSwiftPackageReference "firebase-ios-sdk" */;
			productName = FirebaseFirestore;
		};
		844649412C57BFDD006407A0 /* FirebaseStorage */ = {
			isa = XCSwiftPackageProductDependency;
			package = 8446493A2C57BFDD006407A0 /* XCRemoteSwiftPackageReference "firebase-ios-sdk" */;
			productName = FirebaseStorage;
		};
/* End XCSwiftPackageProductDependency section */
	};
	rootObject = 84B5A1772C57A4E9005006ED /* Project object */;
}
